
Microsoft Visual Studio Solution File, Format Version 12.00
# Visual Studio Version 16
VisualStudioVersion = 16.0.29806.167
MinimumVisualStudioVersion = 10.0.40219.1
Project("{9A19103F-16F7-4668-BE54-9A1E7A4F7556}") = "ManageProgramFlow", "ManageProgramFlow\ManageProgramFlow.csproj", "{ACDDE487-71D2-4697-B436-EBC81F781785}"
EndProject
Project("{FAE04EC0-301F-11D3-BF4B-00C04F79EFBC}") = "CreateAndUseTypes", "CreateAndUseTypes\CreateAndUseTypes.csproj", "{BF6CFF6B-0661-4335-965C-F48CD777AAF9}"
EndProject
Global
	GlobalSection(SolutionConfigurationPlatforms) = preSolution
		Debug|Any CPU = Debug|Any CPU
		Release|Any CPU = Release|Any CPU
	EndGlobalSection
	GlobalSection(ProjectConfigurationPlatforms) = postSolution
		{ACDDE487-71D2-4697-B436-EBC81F781785}.Debug|Any CPU.ActiveCfg = Debug|Any CPU
		{ACDDE487-71D2-4697-B436-EBC81F781785}.Debug|Any CPU.Build.0 = Debug|Any CPU
		{ACDDE487-71D2-4697-B436-EBC81F781785}.Release|Any CPU.ActiveCfg = Release|Any CPU
		{ACDDE487-71D2-4697-B436-EBC81F781785}.Release|Any CPU.Build.0 = Release|Any CPU
		{BF6CFF6B-0661-4335-965C-F48CD777AAF9}.Debug|Any CPU.ActiveCfg = Debug|Any CPU
		{BF6CFF6B-0661-4335-965C-F48CD777AAF9}.Debug|Any CPU.Build.0 = Debug|Any CPU
		{BF6CFF6B-0661-4335-965C-F48CD777AAF9}.Release|Any CPU.ActiveCfg = Release|Any CPU
		{BF6CFF6B-0661-4335-965C-F48CD777AAF9}.Release|Any CPU.Build.0 = Release|Any CPU
	EndGlobalSection
	GlobalSection(SolutionProperties) = preSolution
		HideSolutionNode = FALSE
	EndGlobalSection
	GlobalSection(ExtensibilityGlobals) = postSolution
		SolutionGuid = {46711535-E1C6-4775-8603-E5EA114A6891}
	EndGlobalSection
EndGlobal
